
Microsoft Visual Studio Solution File, Format Version 12.00
# Visual Studio Version 16
VisualStudioVersion = 16.0.30907.101
MinimumVisualStudioVersion = 10.0.40219.1
Project("{FAE04EC0-301F-11D3-BF4B-00C04F79EFBC}") = "ItVitae_RepairShop_project8", "ItVitae_RepairShop_project8.csproj", "{96CC9742-8604-4A05-B893-DF8BDD33CC25}"
EndProject
Project("{FAE04EC0-301F-11D3-BF4B-00C04F79EFBC}") = "RepairShopData", "..\RepairShopData\RepairShopData.csproj", "{168EEF90-B8E7-4836-BAA2-FBE7C3D3F83A}"
EndProject
Project("{00D1A9C2-B5F0-4AF3-8072-F6C62B433612}") = "SQLRepairShop", "..\SQLRepairShop\SQLRepairShop.sqlproj", "{51DC1235-DCD2-4C1D-8B4B-A4559994694D}"
EndProject
Global
	GlobalSection(SolutionConfigurationPlatforms) = preSolution
		Debug|Any CPU = Debug|Any CPU
		Release|Any CPU = Release|Any CPU
	EndGlobalSection
	GlobalSection(ProjectConfigurationPlatforms) = postSolution
		{96CC9742-8604-4A05-B893-DF8BDD33CC25}.Debug|Any CPU.ActiveCfg = Debug|Any CPU
		{96CC9742-8604-4A05-B893-DF8BDD33CC25}.Debug|Any CPU.Build.0 = Debug|Any CPU
		{96CC9742-8604-4A05-B893-DF8BDD33CC25}.Release|Any CPU.ActiveCfg = Release|Any CPU
		{96CC9742-8604-4A05-B893-DF8BDD33CC25}.Release|Any CPU.Build.0 = Release|Any CPU
		{168EEF90-B8E7-4836-BAA2-FBE7C3D3F83A}.Debug|Any CPU.ActiveCfg = Debug|Any CPU
		{168EEF90-B8E7-4836-BAA2-FBE7C3D3F83A}.Debug|Any CPU.Build.0 = Debug|Any CPU
		{168EEF90-B8E7-4836-BAA2-FBE7C3D3F83A}.Release|Any CPU.ActiveCfg = Release|Any CPU
		{168EEF90-B8E7-4836-BAA2-FBE7C3D3F83A}.Release|Any CPU.Build.0 = Release|Any CPU
		{51DC1235-DCD2-4C1D-8B4B-A4559994694D}.Debug|Any CPU.ActiveCfg = Debug|Any CPU
		{51DC1235-DCD2-4C1D-8B4B-A4559994694D}.Debug|Any CPU.Build.0 = Debug|Any CPU
		{51DC1235-DCD2-4C1D-8B4B-A4559994694D}.Debug|Any CPU.Deploy.0 = Debug|Any CPU
		{51DC1235-DCD2-4C1D-8B4B-A4559994694D}.Release|Any CPU.ActiveCfg = Release|Any CPU
		{51DC1235-DCD2-4C1D-8B4B-A4559994694D}.Release|Any CPU.Build.0 = Release|Any CPU
		{51DC1235-DCD2-4C1D-8B4B-A4559994694D}.Release|Any CPU.Deploy.0 = Release|Any CPU
	EndGlobalSection
	GlobalSection(SolutionProperties) = preSolution
		HideSolutionNode = FALSE
	EndGlobalSection
	GlobalSection(ExtensibilityGlobals) = postSolution
		SolutionGuid = {02F95744-799B-460A-9470-0DF60EA895E6}
	EndGlobalSection
EndGlobal
